// !$*UTF8*$!
{
	archiveVersion = 1;
	classes = {
	};
	objectVersion = 46;
	objects = {

/* Begin PBXGroup section */
		5BAD91AC15B18B1200E3A100 = {
			isa = PBXGroup;
			children = (
			);
			sourceTree = "<group>";
		};
/* End PBXGroup section */

/* Begin PBXProject section */
		5BAD91AE15B18B1200E3A100 /* Project object */ = {
			isa = PBXProject;
			attributes = {
				CLASSPREFIX = MTK;
				LastUpgradeCheck = 0430;
				ORGANIZATIONNAME = "iMartin Kiss";
			};
			buildConfigurationList = 5BAD91B115B18B1200E3A100 /* Build configuration list for PBXProject "Block Key-Value Observing" */;
			compatibilityVersion = "Xcode 3.2";
			developmentRegion = English;
			hasScannedForEncodings = 0;
			knownRegions = (
				en,
			);
			mainGroup = 5BAD91AC15B18B1200E3A100;
			projectDirPath = "";
			projectRoot = "";
			targets = (
			);
		};
/* End PBXProject section */

/* Begin XCBuildConfiguration section */
		5BAD91B315B18B1300E3A100 /* Debug */ = {
			isa = XCBuildConfiguration;
			buildSettings = {
			};
			name = Debug;
		};
		5BAD91B415B18B1300E3A100 /* Release */ = {
			isa = XCBuildConfiguration;
			buildSettings = {
			};
			name = Release;
		};
/* End XCBuildConfiguration section */

/* Begin XCConfigurationList section */
		5BAD91B115B18B1200E3A100 /* Build configuration list for PBXProject "Block Key-Value Observing" */ = {
			isa = XCConfigurationList;
			buildConfigurations = (
				5BAD91B315B18B1300E3A100 /* Debug */,
				5BAD91B415B18B1300E3A100 /* Release */,
			);
			defaultConfigurationIsVisible = 0;
			defaultConfigurationName = Release;
		};
/* End XCConfigurationList section */
	};
	rootObject = 5BAD91AE15B18B1200E3A100 /* Project object */;
}
